
Microsoft Visual Studio Solution File, Format Version 12.00
# Visual Studio 14
VisualStudioVersion = 14.0.25420.1
MinimumVisualStudioVersion = 10.0.40219.1
Project("{FAE04EC0-301F-11D3-BF4B-00C04F79EFBC}") = "PokemonGo.RocketAPI", "PokemonGo.RocketAPI\PokemonGo.RocketAPI.csproj", "{05D2DA44-1B8E-4CF7-94ED-4D52451CD095}"
EndProject
Project("{FAE04EC0-301F-11D3-BF4B-00C04F79EFBC}") = "PokemonGo.RocketAPI.Console", "PokemonGo.RocketAPI.Console\PokemonGo.RocketAPI.Console.csproj", "{1FEA147E-F704-497B-A538-00B053B5F672}"
EndProject
Project("{FAE04EC0-301F-11D3-BF4B-00C04F79EFBC}") = "PokemonGo.RocketAPI.Logic", "PokemonGo.RocketAPI.Logic\PokemonGo.RocketAPI.Logic.csproj", "{0739E40D-C589-4AEB-93E5-EE8CD6773C60}"
EndProject
Global
	GlobalSection(SolutionConfigurationPlatforms) = preSolution
		Debug|Any CPU = Debug|Any CPU
		Release|Any CPU = Release|Any CPU
	EndGlobalSection
	GlobalSection(ProjectConfigurationPlatforms) = postSolution
		{05D2DA44-1B8E-4CF7-94ED-4D52451CD095}.Debug|Any CPU.ActiveCfg = Debug|Any CPU
		{05D2DA44-1B8E-4CF7-94ED-4D52451CD095}.Debug|Any CPU.Build.0 = Debug|Any CPU
		{05D2DA44-1B8E-4CF7-94ED-4D52451CD095}.Release|Any CPU.ActiveCfg = Release|Any CPU
		{05D2DA44-1B8E-4CF7-94ED-4D52451CD095}.Release|Any CPU.Build.0 = Release|Any CPU
		{1FEA147E-F704-497B-A538-00B053B5F672}.Debug|Any CPU.ActiveCfg = Debug|Any CPU
		{1FEA147E-F704-497B-A538-00B053B5F672}.Debug|Any CPU.Build.0 = Debug|Any CPU
		{1FEA147E-F704-497B-A538-00B053B5F672}.Release|Any CPU.ActiveCfg = Release|Any CPU
		{1FEA147E-F704-497B-A538-00B053B5F672}.Release|Any CPU.Build.0 = Release|Any CPU
		{0739E40D-C589-4AEB-93E5-EE8CD6773C60}.Debug|Any CPU.ActiveCfg = Debug|Any CPU
		{0739E40D-C589-4AEB-93E5-EE8CD6773C60}.Debug|Any CPU.Build.0 = Debug|Any CPU
		{0739E40D-C589-4AEB-93E5-EE8CD6773C60}.Release|Any CPU.ActiveCfg = Release|Any CPU
		{0739E40D-C589-4AEB-93E5-EE8CD6773C60}.Release|Any CPU.Build.0 = Release|Any CPU
	EndGlobalSection
	GlobalSection(SolutionProperties) = preSolution
		HideSolutionNode = FALSE
	EndGlobalSection
	GlobalSection(ExtensibilityGlobals) = postSolution
		EnterpriseLibraryConfigurationToolBinariesPathV6 = packages\EnterpriseLibrary.TransientFaultHandling.6.0.1304.0\lib\portable-net45+win+wp8;packages\EnterpriseLibrary.TransientFaultHandling.Data.6.0.1304.1\lib\NET45
	EndGlobalSection
EndGlobal
